
Microsoft Visual Studio Solution File, Format Version 12.00
# Visual Studio 15
VisualStudioVersion = 15.0.26124.0
MinimumVisualStudioVersion = 15.0.26124.0
Project("{2150E333-8FDC-42A3-9474-1A3956D46DE8}") = "src", "src", "{7B461B50-3E60-4D64-9A1C-7081E39D1EA5}"
EndProject
Project("{FAE04EC0-301F-11D3-BF4B-00C04F79EFBC}") = "GradeBook", "src\GradeBook\GradeBook.csproj", "{B58F56F4-7F50-4E4E-A8BE-56A80846EA70}"
EndProject
Project("{2150E333-8FDC-42A3-9474-1A3956D46DE8}") = "test", "test", "{F0478A36-6892-45E8-ACA3-51B0E4568642}"
EndProject
Project("{FAE04EC0-301F-11D3-BF4B-00C04F79EFBC}") = "GradeBook.Tests", "test\GradeBook.Tests\GradeBook.Tests.csproj", "{197C8E54-AFEB-486F-9A33-F99B277222EC}"
EndProject
Global
	GlobalSection(SolutionConfigurationPlatforms) = preSolution
		Debug|Any CPU = Debug|Any CPU
		Debug|x64 = Debug|x64
		Debug|x86 = Debug|x86
		Release|Any CPU = Release|Any CPU
		Release|x64 = Release|x64
		Release|x86 = Release|x86
	EndGlobalSection
	GlobalSection(SolutionProperties) = preSolution
		HideSolutionNode = FALSE
	EndGlobalSection
	GlobalSection(ProjectConfigurationPlatforms) = postSolution
		{B58F56F4-7F50-4E4E-A8BE-56A80846EA70}.Debug|Any CPU.ActiveCfg = Debug|Any CPU
		{B58F56F4-7F50-4E4E-A8BE-56A80846EA70}.Debug|Any CPU.Build.0 = Debug|Any CPU
		{B58F56F4-7F50-4E4E-A8BE-56A80846EA70}.Debug|x64.ActiveCfg = Debug|Any CPU
		{B58F56F4-7F50-4E4E-A8BE-56A80846EA70}.Debug|x64.Build.0 = Debug|Any CPU
		{B58F56F4-7F50-4E4E-A8BE-56A80846EA70}.Debug|x86.ActiveCfg = Debug|Any CPU
		{B58F56F4-7F50-4E4E-A8BE-56A80846EA70}.Debug|x86.Build.0 = Debug|Any CPU
		{B58F56F4-7F50-4E4E-A8BE-56A80846EA70}.Release|Any CPU.ActiveCfg = Release|Any CPU
		{B58F56F4-7F50-4E4E-A8BE-56A80846EA70}.Release|Any CPU.Build.0 = Release|Any CPU
		{B58F56F4-7F50-4E4E-A8BE-56A80846EA70}.Release|x64.ActiveCfg = Release|Any CPU
		{B58F56F4-7F50-4E4E-A8BE-56A80846EA70}.Release|x64.Build.0 = Release|Any CPU
		{B58F56F4-7F50-4E4E-A8BE-56A80846EA70}.Release|x86.ActiveCfg = Release|Any CPU
		{B58F56F4-7F50-4E4E-A8BE-56A80846EA70}.Release|x86.Build.0 = Release|Any CPU
		{197C8E54-AFEB-486F-9A33-F99B277222EC}.Debug|Any CPU.ActiveCfg = Debug|Any CPU
		{197C8E54-AFEB-486F-9A33-F99B277222EC}.Debug|Any CPU.Build.0 = Debug|Any CPU
		{197C8E54-AFEB-486F-9A33-F99B277222EC}.Debug|x64.ActiveCfg = Debug|Any CPU
		{197C8E54-AFEB-486F-9A33-F99B277222EC}.Debug|x64.Build.0 = Debug|Any CPU
		{197C8E54-AFEB-486F-9A33-F99B277222EC}.Debug|x86.ActiveCfg = Debug|Any CPU
		{197C8E54-AFEB-486F-9A33-F99B277222EC}.Debug|x86.Build.0 = Debug|Any CPU
		{197C8E54-AFEB-486F-9A33-F99B277222EC}.Release|Any CPU.ActiveCfg = Release|Any CPU
		{197C8E54-AFEB-486F-9A33-F99B277222EC}.Release|Any CPU.Build.0 = Release|Any CPU
		{197C8E54-AFEB-486F-9A33-F99B277222EC}.Release|x64.ActiveCfg = Release|Any CPU
		{197C8E54-AFEB-486F-9A33-F99B277222EC}.Release|x64.Build.0 = Release|Any CPU
		{197C8E54-AFEB-486F-9A33-F99B277222EC}.Release|x86.ActiveCfg = Release|Any CPU
		{197C8E54-AFEB-486F-9A33-F99B277222EC}.Release|x86.Build.0 = Release|Any CPU
	EndGlobalSection
	GlobalSection(NestedProjects) = preSolution
		{B58F56F4-7F50-4E4E-A8BE-56A80846EA70} = {7B461B50-3E60-4D64-9A1C-7081E39D1EA5}
		{197C8E54-AFEB-486F-9A33-F99B277222EC} = {F0478A36-6892-45E8-ACA3-51B0E4568642}
	EndGlobalSection
EndGlobal
